
Microsoft Visual Studio Solution File, Format Version 12.00
# Visual Studio 15
VisualStudioVersion = 15.0.28010.2026
MinimumVisualStudioVersion = 10.0.40219.1
Project("{9A19103F-16F7-4668-BE54-9A1E7A4F7556}") = "QuestionSet", "QuestionSet\QuestionSet.csproj", "{F19BD467-891A-4962-834D-47E3F5975118}"
EndProject
Project("{FAE04EC0-301F-11D3-BF4B-00C04F79EFBC}") = "Api", "Api\Api.csproj", "{6B51716A-84D2-4388-B98A-B4A8EB567680}"
EndProject
Global
	GlobalSection(SolutionConfigurationPlatforms) = preSolution
		Debug|Any CPU = Debug|Any CPU
		Release|Any CPU = Release|Any CPU
	EndGlobalSection
	GlobalSection(ProjectConfigurationPlatforms) = postSolution
		{F19BD467-891A-4962-834D-47E3F5975118}.Debug|Any CPU.ActiveCfg = Debug|Any CPU
		{F19BD467-891A-4962-834D-47E3F5975118}.Debug|Any CPU.Build.0 = Debug|Any CPU
		{F19BD467-891A-4962-834D-47E3F5975118}.Release|Any CPU.ActiveCfg = Release|Any CPU
		{F19BD467-891A-4962-834D-47E3F5975118}.Release|Any CPU.Build.0 = Release|Any CPU
		{6B51716A-84D2-4388-B98A-B4A8EB567680}.Debug|Any CPU.ActiveCfg = Debug|Any CPU
		{6B51716A-84D2-4388-B98A-B4A8EB567680}.Debug|Any CPU.Build.0 = Debug|Any CPU
		{6B51716A-84D2-4388-B98A-B4A8EB567680}.Release|Any CPU.ActiveCfg = Release|Any CPU
		{6B51716A-84D2-4388-B98A-B4A8EB567680}.Release|Any CPU.Build.0 = Release|Any CPU
	EndGlobalSection
	GlobalSection(SolutionProperties) = preSolution
		HideSolutionNode = FALSE
	EndGlobalSection
	GlobalSection(ExtensibilityGlobals) = postSolution
		SolutionGuid = {069652DF-5770-465D-B68F-4CDE56247EEF}
	EndGlobalSection
EndGlobal
